
Microsoft Visual Studio Solution File, Format Version 12.00
# Visual Studio 14
VisualStudioVersion = 14.0.23107.0
MinimumVisualStudioVersion = 10.0.40219.1
Project("{2150E333-8FDC-42A3-9474-1A3956D46DE8}") = "Common", "Common", "{7BA49540-24AA-4183-9760-2DFF6AB95CA4}"
EndProject
Project("{2150E333-8FDC-42A3-9474-1A3956D46DE8}") = "Manager", "Manager", "{CB824C75-C11B-4F31-83EA-778D1AE05CD0}"
EndProject
Project("{2150E333-8FDC-42A3-9474-1A3956D46DE8}") = "WebServices", "WebServices", "{A1C082B0-6B7C-4509-83F7-B78D2B112798}"
EndProject
Project("{2150E333-8FDC-42A3-9474-1A3956D46DE8}") = "Controls", "Controls", "{6E16A5CB-DE75-49D8-AD17-B94D68F327F6}"
EndProject
Project("{2150E333-8FDC-42A3-9474-1A3956D46DE8}") = "WinServices", "WinServices", "{48C3D03F-4BC1-4466-916A-CE39CF8200A2}"
EndProject
Project("{FAE04EC0-301F-11D3-BF4B-00C04F79EFBC}") = "WSH.Manager.View", "WSH.Manager.View\WSH.Manager.View.csproj", "{24E503BE-293B-4252-B69B-1342665C714C}"
EndProject
Project("{FAE04EC0-301F-11D3-BF4B-00C04F79EFBC}") = "WSH.Manager.Controllers", "WSH.Manager.Controllers\WSH.Manager.Controllers.csproj", "{8C82765B-BC17-422E-8962-AF354CF1EFB7}"
EndProject
Project("{FAE04EC0-301F-11D3-BF4B-00C04F79EFBC}") = "WSH.Manager.Models", "WSH.Manager.Models\WSH.Manager.Models.csproj", "{FA5839F4-B1B7-4B69-8A50-A362372D6387}"
EndProject
Project("{FAE04EC0-301F-11D3-BF4B-00C04F79EFBC}") = "WSH.Common", "..\WSH.Common\WSH.Common\WSH.Common.csproj", "{43DA8E8B-A699-4157-9061-9E8728B41793}"
EndProject
Project("{FAE04EC0-301F-11D3-BF4B-00C04F79EFBC}") = "WSH.Options.Common", "..\WSH.Common\WSH.Options.Common\WSH.Options.Common.csproj", "{2183CCBB-CA08-4FF0-8D9E-548438F73107}"
EndProject
Project("{FAE04EC0-301F-11D3-BF4B-00C04F79EFBC}") = "WSH.Web.Common", "..\WSH.Common\WSH.Web.Common\WSH.Web.Common.csproj", "{5AFB4292-84D1-4863-88CA-0B9DF143CE39}"
EndProject
Project("{FAE04EC0-301F-11D3-BF4B-00C04F79EFBC}") = "WSH.Web.Mvc.Common", "..\WSH.Common\WSH.Web.Mvc.Common\WSH.Web.Mvc.Common.csproj", "{176D78B5-C35D-471A-8442-37106CBCE454}"
EndProject
Project("{FAE04EC0-301F-11D3-BF4B-00C04F79EFBC}") = "WSH.Manager.Applications", "WSH.Manager.Application\WSH.Manager.Applications.csproj", "{868D4D12-D3D3-4A80-943A-3AB702B26CA8}"
EndProject
Project("{FAE04EC0-301F-11D3-BF4B-00C04F79EFBC}") = "WSH.Compress.Common", "..\WSH.Common\WSH.Compress.Common\WSH.Compress.Common.csproj", "{1BDDE10C-EB1F-40DE-9F88-62791018BF4B}"
EndProject
Project("{FAE04EC0-301F-11D3-BF4B-00C04F79EFBC}") = "WSH.Pdf.Common", "..\WSH.Common\WSH.Pdf.Common\WSH.Pdf.Common.csproj", "{C859349D-147B-4E49-8EA5-BF990DE19DE1}"
EndProject
Project("{FAE04EC0-301F-11D3-BF4B-00C04F79EFBC}") = "WSH.Web.Mvc.Controls", "..\WSH.Controls\WSH.Web.Mvc.Controls\WSH.Web.Mvc.Controls.csproj", "{69D1B986-0EDA-4920-B380-4F82E49FC917}"
EndProject
Project("{FAE04EC0-301F-11D3-BF4B-00C04F79EFBC}") = "WSH.Services.Simulator", "..\WSH.Services\WSH.Services.Simulator\WSH.Services.Simulator.csproj", "{067D3591-9272-4C93-9D58-AB0A4158CBFA}"
EndProject
Project("{FAE04EC0-301F-11D3-BF4B-00C04F79EFBC}") = "WSH.TransferData.Common", "..\WSH.Common\WSH.TransferData.Common\WSH.TransferData.Common.csproj", "{C36F97B2-C81C-4513-AA9D-A4027F32792A}"
EndProject
Project("{FAE04EC0-301F-11D3-BF4B-00C04F79EFBC}") = "WSH.Component.Common", "..\WSH.Common\WSH.Component.Common\WSH.Component.Common.csproj", "{1134B204-65D7-4B4B-92CD-B1AA8E5121EC}"
EndProject
Project("{FAE04EC0-301F-11D3-BF4B-00C04F79EFBC}") = "WSH.Services.Common", "..\WSH.Services\WSH.Services.Common\WSH.Services.Common.csproj", "{C6EDD40A-E648-4C48-9B71-F5C68770EAE2}"
EndProject
Project("{FAE04EC0-301F-11D3-BF4B-00C04F79EFBC}") = "WSH.Manager.Services", "..\WSH.Services\WSH.Manager.Services\WSH.Manager.Services.csproj", "{14B710D3-0D84-4E06-8763-AD2CF2101EE0}"
EndProject
Global
	GlobalSection(SolutionConfigurationPlatforms) = preSolution
		Debug|Any CPU = Debug|Any CPU
		Release|Any CPU = Release|Any CPU
	EndGlobalSection
	GlobalSection(ProjectConfigurationPlatforms) = postSolution
		{24E503BE-293B-4252-B69B-1342665C714C}.Debug|Any CPU.ActiveCfg = Debug|Any CPU
		{24E503BE-293B-4252-B69B-1342665C714C}.Debug|Any CPU.Build.0 = Debug|Any CPU
		{24E503BE-293B-4252-B69B-1342665C714C}.Release|Any CPU.ActiveCfg = Release|Any CPU
		{24E503BE-293B-4252-B69B-1342665C714C}.Release|Any CPU.Build.0 = Release|Any CPU
		{8C82765B-BC17-422E-8962-AF354CF1EFB7}.Debug|Any CPU.ActiveCfg = Debug|Any CPU
		{8C82765B-BC17-422E-8962-AF354CF1EFB7}.Debug|Any CPU.Build.0 = Debug|Any CPU
		{8C82765B-BC17-422E-8962-AF354CF1EFB7}.Release|Any CPU.ActiveCfg = Release|Any CPU
		{8C82765B-BC17-422E-8962-AF354CF1EFB7}.Release|Any CPU.Build.0 = Release|Any CPU
		{FA5839F4-B1B7-4B69-8A50-A362372D6387}.Debug|Any CPU.ActiveCfg = Debug|Any CPU
		{FA5839F4-B1B7-4B69-8A50-A362372D6387}.Debug|Any CPU.Build.0 = Debug|Any CPU
		{FA5839F4-B1B7-4B69-8A50-A362372D6387}.Release|Any CPU.ActiveCfg = Release|Any CPU
		{FA5839F4-B1B7-4B69-8A50-A362372D6387}.Release|Any CPU.Build.0 = Release|Any CPU
		{43DA8E8B-A699-4157-9061-9E8728B41793}.Debug|Any CPU.ActiveCfg = Debug|Any CPU
		{43DA8E8B-A699-4157-9061-9E8728B41793}.Debug|Any CPU.Build.0 = Debug|Any CPU
		{43DA8E8B-A699-4157-9061-9E8728B41793}.Release|Any CPU.ActiveCfg = Release|Any CPU
		{43DA8E8B-A699-4157-9061-9E8728B41793}.Release|Any CPU.Build.0 = Release|Any CPU
		{2183CCBB-CA08-4FF0-8D9E-548438F73107}.Debug|Any CPU.ActiveCfg = Debug|Any CPU
		{2183CCBB-CA08-4FF0-8D9E-548438F73107}.Debug|Any CPU.Build.0 = Debug|Any CPU
		{2183CCBB-CA08-4FF0-8D9E-548438F73107}.Release|Any CPU.ActiveCfg = Release|Any CPU
		{2183CCBB-CA08-4FF0-8D9E-548438F73107}.Release|Any CPU.Build.0 = Release|Any CPU
		{5AFB4292-84D1-4863-88CA-0B9DF143CE39}.Debug|Any CPU.ActiveCfg = Debug|Any CPU
		{5AFB4292-84D1-4863-88CA-0B9DF143CE39}.Debug|Any CPU.Build.0 = Debug|Any CPU
		{5AFB4292-84D1-4863-88CA-0B9DF143CE39}.Release|Any CPU.ActiveCfg = Release|Any CPU
		{5AFB4292-84D1-4863-88CA-0B9DF143CE39}.Release|Any CPU.Build.0 = Release|Any CPU
		{176D78B5-C35D-471A-8442-37106CBCE454}.Debug|Any CPU.ActiveCfg = Debug|Any CPU
		{176D78B5-C35D-471A-8442-37106CBCE454}.Debug|Any CPU.Build.0 = Debug|Any CPU
		{176D78B5-C35D-471A-8442-37106CBCE454}.Release|Any CPU.ActiveCfg = Release|Any CPU
		{176D78B5-C35D-471A-8442-37106CBCE454}.Release|Any CPU.Build.0 = Release|Any CPU
		{868D4D12-D3D3-4A80-943A-3AB702B26CA8}.Debug|Any CPU.ActiveCfg = Debug|Any CPU
		{868D4D12-D3D3-4A80-943A-3AB702B26CA8}.Debug|Any CPU.Build.0 = Debug|Any CPU
		{868D4D12-D3D3-4A80-943A-3AB702B26CA8}.Release|Any CPU.ActiveCfg = Release|Any CPU
		{868D4D12-D3D3-4A80-943A-3AB702B26CA8}.Release|Any CPU.Build.0 = Release|Any CPU
		{1BDDE10C-EB1F-40DE-9F88-62791018BF4B}.Debug|Any CPU.ActiveCfg = Debug|Any CPU
		{1BDDE10C-EB1F-40DE-9F88-62791018BF4B}.Debug|Any CPU.Build.0 = Debug|Any CPU
		{1BDDE10C-EB1F-40DE-9F88-62791018BF4B}.Release|Any CPU.ActiveCfg = Release|Any CPU
		{1BDDE10C-EB1F-40DE-9F88-62791018BF4B}.Release|Any CPU.Build.0 = Release|Any CPU
		{C859349D-147B-4E49-8EA5-BF990DE19DE1}.Debug|Any CPU.ActiveCfg = Debug|Any CPU
		{C859349D-147B-4E49-8EA5-BF990DE19DE1}.Debug|Any CPU.Build.0 = Debug|Any CPU
		{C859349D-147B-4E49-8EA5-BF990DE19DE1}.Release|Any CPU.ActiveCfg = Release|Any CPU
		{C859349D-147B-4E49-8EA5-BF990DE19DE1}.Release|Any CPU.Build.0 = Release|Any CPU
		{69D1B986-0EDA-4920-B380-4F82E49FC917}.Debug|Any CPU.ActiveCfg = Debug|Any CPU
		{69D1B986-0EDA-4920-B380-4F82E49FC917}.Debug|Any CPU.Build.0 = Debug|Any CPU
		{69D1B986-0EDA-4920-B380-4F82E49FC917}.Release|Any CPU.ActiveCfg = Release|Any CPU
		{69D1B986-0EDA-4920-B380-4F82E49FC917}.Release|Any CPU.Build.0 = Release|Any CPU
		{067D3591-9272-4C93-9D58-AB0A4158CBFA}.Debug|Any CPU.ActiveCfg = Debug|Any CPU
		{067D3591-9272-4C93-9D58-AB0A4158CBFA}.Debug|Any CPU.Build.0 = Debug|Any CPU
		{067D3591-9272-4C93-9D58-AB0A4158CBFA}.Release|Any CPU.ActiveCfg = Release|Any CPU
		{067D3591-9272-4C93-9D58-AB0A4158CBFA}.Release|Any CPU.Build.0 = Release|Any CPU
		{C36F97B2-C81C-4513-AA9D-A4027F32792A}.Debug|Any CPU.ActiveCfg = Debug|Any CPU
		{C36F97B2-C81C-4513-AA9D-A4027F32792A}.Debug|Any CPU.Build.0 = Debug|Any CPU
		{C36F97B2-C81C-4513-AA9D-A4027F32792A}.Release|Any CPU.ActiveCfg = Release|Any CPU
		{C36F97B2-C81C-4513-AA9D-A4027F32792A}.Release|Any CPU.Build.0 = Release|Any CPU
		{1134B204-65D7-4B4B-92CD-B1AA8E5121EC}.Debug|Any CPU.ActiveCfg = Debug|Any CPU
		{1134B204-65D7-4B4B-92CD-B1AA8E5121EC}.Debug|Any CPU.Build.0 = Debug|Any CPU
		{1134B204-65D7-4B4B-92CD-B1AA8E5121EC}.Release|Any CPU.ActiveCfg = Release|Any CPU
		{1134B204-65D7-4B4B-92CD-B1AA8E5121EC}.Release|Any CPU.Build.0 = Release|Any CPU
		{C6EDD40A-E648-4C48-9B71-F5C68770EAE2}.Debug|Any CPU.ActiveCfg = Debug|Any CPU
		{C6EDD40A-E648-4C48-9B71-F5C68770EAE2}.Debug|Any CPU.Build.0 = Debug|Any CPU
		{C6EDD40A-E648-4C48-9B71-F5C68770EAE2}.Release|Any CPU.ActiveCfg = Release|Any CPU
		{C6EDD40A-E648-4C48-9B71-F5C68770EAE2}.Release|Any CPU.Build.0 = Release|Any CPU
		{14B710D3-0D84-4E06-8763-AD2CF2101EE0}.Debug|Any CPU.ActiveCfg = Debug|Any CPU
		{14B710D3-0D84-4E06-8763-AD2CF2101EE0}.Debug|Any CPU.Build.0 = Debug|Any CPU
		{14B710D3-0D84-4E06-8763-AD2CF2101EE0}.Release|Any CPU.ActiveCfg = Release|Any CPU
		{14B710D3-0D84-4E06-8763-AD2CF2101EE0}.Release|Any CPU.Build.0 = Release|Any CPU
	EndGlobalSection
	GlobalSection(SolutionProperties) = preSolution
		HideSolutionNode = FALSE
	EndGlobalSection
	GlobalSection(NestedProjects) = preSolution
		{24E503BE-293B-4252-B69B-1342665C714C} = {CB824C75-C11B-4F31-83EA-778D1AE05CD0}
		{8C82765B-BC17-422E-8962-AF354CF1EFB7} = {CB824C75-C11B-4F31-83EA-778D1AE05CD0}
		{FA5839F4-B1B7-4B69-8A50-A362372D6387} = {CB824C75-C11B-4F31-83EA-778D1AE05CD0}
		{43DA8E8B-A699-4157-9061-9E8728B41793} = {7BA49540-24AA-4183-9760-2DFF6AB95CA4}
		{2183CCBB-CA08-4FF0-8D9E-548438F73107} = {7BA49540-24AA-4183-9760-2DFF6AB95CA4}
		{5AFB4292-84D1-4863-88CA-0B9DF143CE39} = {7BA49540-24AA-4183-9760-2DFF6AB95CA4}
		{176D78B5-C35D-471A-8442-37106CBCE454} = {7BA49540-24AA-4183-9760-2DFF6AB95CA4}
		{868D4D12-D3D3-4A80-943A-3AB702B26CA8} = {CB824C75-C11B-4F31-83EA-778D1AE05CD0}
		{1BDDE10C-EB1F-40DE-9F88-62791018BF4B} = {7BA49540-24AA-4183-9760-2DFF6AB95CA4}
		{C859349D-147B-4E49-8EA5-BF990DE19DE1} = {7BA49540-24AA-4183-9760-2DFF6AB95CA4}
		{69D1B986-0EDA-4920-B380-4F82E49FC917} = {6E16A5CB-DE75-49D8-AD17-B94D68F327F6}
		{067D3591-9272-4C93-9D58-AB0A4158CBFA} = {A1C082B0-6B7C-4509-83F7-B78D2B112798}
		{C36F97B2-C81C-4513-AA9D-A4027F32792A} = {7BA49540-24AA-4183-9760-2DFF6AB95CA4}
		{1134B204-65D7-4B4B-92CD-B1AA8E5121EC} = {7BA49540-24AA-4183-9760-2DFF6AB95CA4}
		{C6EDD40A-E648-4C48-9B71-F5C68770EAE2} = {A1C082B0-6B7C-4509-83F7-B78D2B112798}
		{14B710D3-0D84-4E06-8763-AD2CF2101EE0} = {A1C082B0-6B7C-4509-83F7-B78D2B112798}
	EndGlobalSection
EndGlobal
