
Microsoft Visual Studio Solution File, Format Version 12.00
# Visual Studio 15
VisualStudioVersion = 15.0.26430.16
MinimumVisualStudioVersion = 10.0.40219.1
Project("{2150E333-8FDC-42A3-9474-1A3956D46DE8}") = "CodeBuilder", "CodeBuilder", "{BC529FA7-525B-469B-B313-872C221B3055}"
EndProject
Project("{2150E333-8FDC-42A3-9474-1A3956D46DE8}") = "Tools", "Tools", "{87A7CB73-6BD3-40E5-ACFA-8E0B77BD2375}"
EndProject
Project("{2150E333-8FDC-42A3-9474-1A3956D46DE8}") = "Common", "Common", "{BFB136B2-C093-497E-9AC5-7A3EE3750AD5}"
EndProject
Project("{2150E333-8FDC-42A3-9474-1A3956D46DE8}") = "Controls", "Controls", "{53AE57FD-BB42-4A0C-9CFC-FC3D8AFBF5E8}"
EndProject
Project("{2150E333-8FDC-42A3-9474-1A3956D46DE8}") = "Services", "Services", "{E139F5B4-83B6-4FD6-83F9-B3C5CB5AE0E4}"
EndProject
Project("{FAE04EC0-301F-11D3-BF4B-00C04F79EFBC}") = "WSH.CodeBuilder.WinForm", "WSH.CodeBuilder.WinForm\WSH.CodeBuilder.WinForm\WSH.CodeBuilder.WinForm.csproj", "{CDA65A14-C410-473F-8A44-BF6C2968173D}"
EndProject
Project("{FAE04EC0-301F-11D3-BF4B-00C04F79EFBC}") = "WSH.CodeBuilder.Manager", "WSH.CodeBuilder.WinForm\WSH.CodeBuilder.Manager\WSH.CodeBuilder.Manager.csproj", "{F4366A5E-D7ED-4E3E-922D-A2F654F7193E}"
EndProject
Project("{FAE04EC0-301F-11D3-BF4B-00C04F79EFBC}") = "WSH.CodeBuilder.Common", "WSH.CodeBuilder.WinForm\WSH.CodeBuilder.Common\WSH.CodeBuilder.Common.csproj", "{EC093D9A-121F-4E44-A796-0A2667503B4F}"
EndProject
Project("{FAE04EC0-301F-11D3-BF4B-00C04F79EFBC}") = "WSH.CodeBuilder.Entity", "WSH.CodeBuilder.WinForm\WSH.CodeBuilder.Entity\WSH.CodeBuilder.Entity.csproj", "{8EA00E2E-690F-4F3F-B9B6-BC16DA2937DA}"
EndProject
Project("{FAE04EC0-301F-11D3-BF4B-00C04F79EFBC}") = "WSH.CodeBuilder.DispatchServers", "WSH.CodeBuilder.WinForm\WSH.CodeBuilder.DispatchServers\WSH.CodeBuilder.DispatchServers.csproj", "{AB62CA8F-DD1D-4E5E-8CEE-5F3D24D65913}"
EndProject
Project("{FAE04EC0-301F-11D3-BF4B-00C04F79EFBC}") = "WSH.Tools.AutoUpdater", "..\WSH.Tools\WSH.Tools.AutoUpdater\WSH.Tools.AutoUpdater.csproj", "{9BFDE739-AC50-47B7-8F03-9156AF791095}"
EndProject
Project("{FAE04EC0-301F-11D3-BF4B-00C04F79EFBC}") = "WSH.Tools.Connection", "..\WSH.Tools\WSH.Tools.Connection\WSH.Tools.Connection.csproj", "{B422AE6C-6C8B-47D1-AD25-09E6238A99F4}"
EndProject
Project("{FAE04EC0-301F-11D3-BF4B-00C04F79EFBC}") = "WSH.Tools.Release", "..\WSH.Tools\WSH.Tools.Release\WSH.Tools.Release.csproj", "{5F54CBD3-D726-41A9-B7C2-D60D958961F3}"
EndProject
Project("{FAE04EC0-301F-11D3-BF4B-00C04F79EFBC}") = "WSH.Tools.Widgets", "..\WSH.Tools\WSH.Tools.Widgets\WSH.Tools.Widgets.csproj", "{17747AC9-B98D-4CEC-96E5-E1EA895FB9C4}"
EndProject
Project("{FAE04EC0-301F-11D3-BF4B-00C04F79EFBC}") = "WSH.Common", "..\WSH.Common\WSH.Common\WSH.Common.csproj", "{43DA8E8B-A699-4157-9061-9E8728B41793}"
EndProject
Project("{FAE04EC0-301F-11D3-BF4B-00C04F79EFBC}") = "WSH.Options.Common", "..\WSH.Common\WSH.Options.Common\WSH.Options.Common.csproj", "{2183CCBB-CA08-4FF0-8D9E-548438F73107}"
EndProject
Project("{FAE04EC0-301F-11D3-BF4B-00C04F79EFBC}") = "WSH.Pdm.Common", "..\WSH.Common\WSH.Pdm.Common\WSH.Pdm.Common.csproj", "{DD21C581-6397-4560-938D-94827CA9158A}"
EndProject
Project("{FAE04EC0-301F-11D3-BF4B-00C04F79EFBC}") = "WSH.TransferData.Common", "..\WSH.Common\WSH.TransferData.Common\WSH.TransferData.Common.csproj", "{C36F97B2-C81C-4513-AA9D-A4027F32792A}"
EndProject
Project("{FAE04EC0-301F-11D3-BF4B-00C04F79EFBC}") = "WSH.Windows.Common", "..\WSH.Common\WSH.Windows.Common\WSH.Windows.Common.csproj", "{359B3942-4AFA-466B-BEE9-518DCF39E27E}"
EndProject
Project("{FAE04EC0-301F-11D3-BF4B-00C04F79EFBC}") = "WSH.WinForm.Common", "..\WSH.Common\WSH.WinForm.Common\WSH.WinForm.Common.csproj", "{B74EF7AB-DC35-4C60-AFB0-00ADEC0E1853}"
EndProject
Project("{FAE04EC0-301F-11D3-BF4B-00C04F79EFBC}") = "WSH.WinForm.Controls", "..\WSH.Controls\WSH.WinForm.Controls\WSH.WinForm.Controls.csproj", "{C4D9613D-F8DA-48B0-8E11-37BEC9645484}"
EndProject
Project("{FAE04EC0-301F-11D3-BF4B-00C04F79EFBC}") = "WSH.CodeBuilder.Services", "..\WSH.Services\WSH.CodeBuilder.Services\WSH.CodeBuilder.Services.csproj", "{544D3032-8CD8-4292-AD4D-28FBE6DD6080}"
EndProject
Project("{FAE04EC0-301F-11D3-BF4B-00C04F79EFBC}") = "WSH.Tools.Account", "..\WSH.Tools\WSH.Tools.Account\WSH.Tools.Account.csproj", "{0AE4AFB8-0EB6-4CFF-ABE2-AF20F04851CA}"
EndProject
Project("{FAE04EC0-301F-11D3-BF4B-00C04F79EFBC}") = "WSH.Tools.IEKill", "..\WSH.Tools\WSH.Tools.IEKill\WSH.Tools.IEKill.csproj", "{E82D645A-B1B1-47C4-A2AC-FE997E489432}"
EndProject
Project("{FAE04EC0-301F-11D3-BF4B-00C04F79EFBC}") = "WSH.Common.DataModeler", "..\WSH.Common\WSH.Common.DataModeler\WSH.Common.DataModeler.csproj", "{1BA1D3D2-574B-45AF-9C17-F8E15C900EBB}"
EndProject
Global
	GlobalSection(SolutionConfigurationPlatforms) = preSolution
		Debug|Any CPU = Debug|Any CPU
		Debug|Mixed Platforms = Debug|Mixed Platforms
		Debug|x86 = Debug|x86
		Release|Any CPU = Release|Any CPU
		Release|Mixed Platforms = Release|Mixed Platforms
		Release|x86 = Release|x86
	EndGlobalSection
	GlobalSection(ProjectConfigurationPlatforms) = postSolution
		{CDA65A14-C410-473F-8A44-BF6C2968173D}.Debug|Any CPU.ActiveCfg = Debug|x86
		{CDA65A14-C410-473F-8A44-BF6C2968173D}.Debug|Mixed Platforms.ActiveCfg = Debug|x86
		{CDA65A14-C410-473F-8A44-BF6C2968173D}.Debug|Mixed Platforms.Build.0 = Debug|x86
		{CDA65A14-C410-473F-8A44-BF6C2968173D}.Debug|x86.ActiveCfg = Debug|x86
		{CDA65A14-C410-473F-8A44-BF6C2968173D}.Debug|x86.Build.0 = Debug|x86
		{CDA65A14-C410-473F-8A44-BF6C2968173D}.Release|Any CPU.ActiveCfg = Release|x86
		{CDA65A14-C410-473F-8A44-BF6C2968173D}.Release|Mixed Platforms.ActiveCfg = Release|x86
		{CDA65A14-C410-473F-8A44-BF6C2968173D}.Release|Mixed Platforms.Build.0 = Release|x86
		{CDA65A14-C410-473F-8A44-BF6C2968173D}.Release|x86.ActiveCfg = Release|x86
		{CDA65A14-C410-473F-8A44-BF6C2968173D}.Release|x86.Build.0 = Release|x86
		{F4366A5E-D7ED-4E3E-922D-A2F654F7193E}.Debug|Any CPU.ActiveCfg = Debug|Any CPU
		{F4366A5E-D7ED-4E3E-922D-A2F654F7193E}.Debug|Any CPU.Build.0 = Debug|Any CPU
		{F4366A5E-D7ED-4E3E-922D-A2F654F7193E}.Debug|Mixed Platforms.ActiveCfg = Debug|Any CPU
		{F4366A5E-D7ED-4E3E-922D-A2F654F7193E}.Debug|Mixed Platforms.Build.0 = Debug|Any CPU
		{F4366A5E-D7ED-4E3E-922D-A2F654F7193E}.Debug|x86.ActiveCfg = Debug|Any CPU
		{F4366A5E-D7ED-4E3E-922D-A2F654F7193E}.Release|Any CPU.ActiveCfg = Release|Any CPU
		{F4366A5E-D7ED-4E3E-922D-A2F654F7193E}.Release|Any CPU.Build.0 = Release|Any CPU
		{F4366A5E-D7ED-4E3E-922D-A2F654F7193E}.Release|Mixed Platforms.ActiveCfg = Release|Any CPU
		{F4366A5E-D7ED-4E3E-922D-A2F654F7193E}.Release|Mixed Platforms.Build.0 = Release|Any CPU
		{F4366A5E-D7ED-4E3E-922D-A2F654F7193E}.Release|x86.ActiveCfg = Release|Any CPU
		{EC093D9A-121F-4E44-A796-0A2667503B4F}.Debug|Any CPU.ActiveCfg = Debug|Any CPU
		{EC093D9A-121F-4E44-A796-0A2667503B4F}.Debug|Any CPU.Build.0 = Debug|Any CPU
		{EC093D9A-121F-4E44-A796-0A2667503B4F}.Debug|Mixed Platforms.ActiveCfg = Debug|Any CPU
		{EC093D9A-121F-4E44-A796-0A2667503B4F}.Debug|Mixed Platforms.Build.0 = Debug|Any CPU
		{EC093D9A-121F-4E44-A796-0A2667503B4F}.Debug|x86.ActiveCfg = Debug|Any CPU
		{EC093D9A-121F-4E44-A796-0A2667503B4F}.Release|Any CPU.ActiveCfg = Release|Any CPU
		{EC093D9A-121F-4E44-A796-0A2667503B4F}.Release|Any CPU.Build.0 = Release|Any CPU
		{EC093D9A-121F-4E44-A796-0A2667503B4F}.Release|Mixed Platforms.ActiveCfg = Release|Any CPU
		{EC093D9A-121F-4E44-A796-0A2667503B4F}.Release|Mixed Platforms.Build.0 = Release|Any CPU
		{EC093D9A-121F-4E44-A796-0A2667503B4F}.Release|x86.ActiveCfg = Release|Any CPU
		{8EA00E2E-690F-4F3F-B9B6-BC16DA2937DA}.Debug|Any CPU.ActiveCfg = Debug|Any CPU
		{8EA00E2E-690F-4F3F-B9B6-BC16DA2937DA}.Debug|Any CPU.Build.0 = Debug|Any CPU
		{8EA00E2E-690F-4F3F-B9B6-BC16DA2937DA}.Debug|Mixed Platforms.ActiveCfg = Debug|Any CPU
		{8EA00E2E-690F-4F3F-B9B6-BC16DA2937DA}.Debug|Mixed Platforms.Build.0 = Debug|Any CPU
		{8EA00E2E-690F-4F3F-B9B6-BC16DA2937DA}.Debug|x86.ActiveCfg = Debug|Any CPU
		{8EA00E2E-690F-4F3F-B9B6-BC16DA2937DA}.Release|Any CPU.ActiveCfg = Release|Any CPU
		{8EA00E2E-690F-4F3F-B9B6-BC16DA2937DA}.Release|Any CPU.Build.0 = Release|Any CPU
		{8EA00E2E-690F-4F3F-B9B6-BC16DA2937DA}.Release|Mixed Platforms.ActiveCfg = Release|Any CPU
		{8EA00E2E-690F-4F3F-B9B6-BC16DA2937DA}.Release|Mixed Platforms.Build.0 = Release|Any CPU
		{8EA00E2E-690F-4F3F-B9B6-BC16DA2937DA}.Release|x86.ActiveCfg = Release|Any CPU
		{AB62CA8F-DD1D-4E5E-8CEE-5F3D24D65913}.Debug|Any CPU.ActiveCfg = Debug|Any CPU
		{AB62CA8F-DD1D-4E5E-8CEE-5F3D24D65913}.Debug|Any CPU.Build.0 = Debug|Any CPU
		{AB62CA8F-DD1D-4E5E-8CEE-5F3D24D65913}.Debug|Mixed Platforms.ActiveCfg = Debug|Any CPU
		{AB62CA8F-DD1D-4E5E-8CEE-5F3D24D65913}.Debug|Mixed Platforms.Build.0 = Debug|Any CPU
		{AB62CA8F-DD1D-4E5E-8CEE-5F3D24D65913}.Debug|x86.ActiveCfg = Debug|Any CPU
		{AB62CA8F-DD1D-4E5E-8CEE-5F3D24D65913}.Release|Any CPU.ActiveCfg = Release|Any CPU
		{AB62CA8F-DD1D-4E5E-8CEE-5F3D24D65913}.Release|Any CPU.Build.0 = Release|Any CPU
		{AB62CA8F-DD1D-4E5E-8CEE-5F3D24D65913}.Release|Mixed Platforms.ActiveCfg = Release|Any CPU
		{AB62CA8F-DD1D-4E5E-8CEE-5F3D24D65913}.Release|Mixed Platforms.Build.0 = Release|Any CPU
		{AB62CA8F-DD1D-4E5E-8CEE-5F3D24D65913}.Release|x86.ActiveCfg = Release|Any CPU
		{9BFDE739-AC50-47B7-8F03-9156AF791095}.Debug|Any CPU.ActiveCfg = Debug|x86
		{9BFDE739-AC50-47B7-8F03-9156AF791095}.Debug|Mixed Platforms.ActiveCfg = Debug|x86
		{9BFDE739-AC50-47B7-8F03-9156AF791095}.Debug|Mixed Platforms.Build.0 = Debug|x86
		{9BFDE739-AC50-47B7-8F03-9156AF791095}.Debug|x86.ActiveCfg = Debug|x86
		{9BFDE739-AC50-47B7-8F03-9156AF791095}.Debug|x86.Build.0 = Debug|x86
		{9BFDE739-AC50-47B7-8F03-9156AF791095}.Release|Any CPU.ActiveCfg = Release|x86
		{9BFDE739-AC50-47B7-8F03-9156AF791095}.Release|Mixed Platforms.ActiveCfg = Release|x86
		{9BFDE739-AC50-47B7-8F03-9156AF791095}.Release|Mixed Platforms.Build.0 = Release|x86
		{9BFDE739-AC50-47B7-8F03-9156AF791095}.Release|x86.ActiveCfg = Release|x86
		{9BFDE739-AC50-47B7-8F03-9156AF791095}.Release|x86.Build.0 = Release|x86
		{B422AE6C-6C8B-47D1-AD25-09E6238A99F4}.Debug|Any CPU.ActiveCfg = Debug|x86
		{B422AE6C-6C8B-47D1-AD25-09E6238A99F4}.Debug|Mixed Platforms.ActiveCfg = Debug|x86
		{B422AE6C-6C8B-47D1-AD25-09E6238A99F4}.Debug|Mixed Platforms.Build.0 = Debug|x86
		{B422AE6C-6C8B-47D1-AD25-09E6238A99F4}.Debug|x86.ActiveCfg = Debug|x86
		{B422AE6C-6C8B-47D1-AD25-09E6238A99F4}.Debug|x86.Build.0 = Debug|x86
		{B422AE6C-6C8B-47D1-AD25-09E6238A99F4}.Release|Any CPU.ActiveCfg = Release|x86
		{B422AE6C-6C8B-47D1-AD25-09E6238A99F4}.Release|Mixed Platforms.ActiveCfg = Release|x86
		{B422AE6C-6C8B-47D1-AD25-09E6238A99F4}.Release|Mixed Platforms.Build.0 = Release|x86
		{B422AE6C-6C8B-47D1-AD25-09E6238A99F4}.Release|x86.ActiveCfg = Release|x86
		{B422AE6C-6C8B-47D1-AD25-09E6238A99F4}.Release|x86.Build.0 = Release|x86
		{5F54CBD3-D726-41A9-B7C2-D60D958961F3}.Debug|Any CPU.ActiveCfg = Debug|x86
		{5F54CBD3-D726-41A9-B7C2-D60D958961F3}.Debug|Mixed Platforms.ActiveCfg = Debug|x86
		{5F54CBD3-D726-41A9-B7C2-D60D958961F3}.Debug|Mixed Platforms.Build.0 = Debug|x86
		{5F54CBD3-D726-41A9-B7C2-D60D958961F3}.Debug|x86.ActiveCfg = Debug|x86
		{5F54CBD3-D726-41A9-B7C2-D60D958961F3}.Debug|x86.Build.0 = Debug|x86
		{5F54CBD3-D726-41A9-B7C2-D60D958961F3}.Release|Any CPU.ActiveCfg = Release|x86
		{5F54CBD3-D726-41A9-B7C2-D60D958961F3}.Release|Mixed Platforms.ActiveCfg = Release|x86
		{5F54CBD3-D726-41A9-B7C2-D60D958961F3}.Release|Mixed Platforms.Build.0 = Release|x86
		{5F54CBD3-D726-41A9-B7C2-D60D958961F3}.Release|x86.ActiveCfg = Release|x86
		{5F54CBD3-D726-41A9-B7C2-D60D958961F3}.Release|x86.Build.0 = Release|x86
		{17747AC9-B98D-4CEC-96E5-E1EA895FB9C4}.Debug|Any CPU.ActiveCfg = Debug|x86
		{17747AC9-B98D-4CEC-96E5-E1EA895FB9C4}.Debug|Mixed Platforms.ActiveCfg = Debug|x86
		{17747AC9-B98D-4CEC-96E5-E1EA895FB9C4}.Debug|Mixed Platforms.Build.0 = Debug|x86
		{17747AC9-B98D-4CEC-96E5-E1EA895FB9C4}.Debug|x86.ActiveCfg = Debug|x86
		{17747AC9-B98D-4CEC-96E5-E1EA895FB9C4}.Debug|x86.Build.0 = Debug|x86
		{17747AC9-B98D-4CEC-96E5-E1EA895FB9C4}.Release|Any CPU.ActiveCfg = Release|x86
		{17747AC9-B98D-4CEC-96E5-E1EA895FB9C4}.Release|Mixed Platforms.ActiveCfg = Release|x86
		{17747AC9-B98D-4CEC-96E5-E1EA895FB9C4}.Release|Mixed Platforms.Build.0 = Release|x86
		{17747AC9-B98D-4CEC-96E5-E1EA895FB9C4}.Release|x86.ActiveCfg = Release|x86
		{17747AC9-B98D-4CEC-96E5-E1EA895FB9C4}.Release|x86.Build.0 = Release|x86
		{43DA8E8B-A699-4157-9061-9E8728B41793}.Debug|Any CPU.ActiveCfg = Debug|Any CPU
		{43DA8E8B-A699-4157-9061-9E8728B41793}.Debug|Any CPU.Build.0 = Debug|Any CPU
		{43DA8E8B-A699-4157-9061-9E8728B41793}.Debug|Mixed Platforms.ActiveCfg = Debug|Any CPU
		{43DA8E8B-A699-4157-9061-9E8728B41793}.Debug|Mixed Platforms.Build.0 = Debug|Any CPU
		{43DA8E8B-A699-4157-9061-9E8728B41793}.Debug|x86.ActiveCfg = Debug|Any CPU
		{43DA8E8B-A699-4157-9061-9E8728B41793}.Release|Any CPU.ActiveCfg = Release|Any CPU
		{43DA8E8B-A699-4157-9061-9E8728B41793}.Release|Any CPU.Build.0 = Release|Any CPU
		{43DA8E8B-A699-4157-9061-9E8728B41793}.Release|Mixed Platforms.ActiveCfg = Release|Any CPU
		{43DA8E8B-A699-4157-9061-9E8728B41793}.Release|Mixed Platforms.Build.0 = Release|Any CPU
		{43DA8E8B-A699-4157-9061-9E8728B41793}.Release|x86.ActiveCfg = Release|Any CPU
		{2183CCBB-CA08-4FF0-8D9E-548438F73107}.Debug|Any CPU.ActiveCfg = Debug|Any CPU
		{2183CCBB-CA08-4FF0-8D9E-548438F73107}.Debug|Any CPU.Build.0 = Debug|Any CPU
		{2183CCBB-CA08-4FF0-8D9E-548438F73107}.Debug|Mixed Platforms.ActiveCfg = Debug|Any CPU
		{2183CCBB-CA08-4FF0-8D9E-548438F73107}.Debug|Mixed Platforms.Build.0 = Debug|Any CPU
		{2183CCBB-CA08-4FF0-8D9E-548438F73107}.Debug|x86.ActiveCfg = Debug|Any CPU
		{2183CCBB-CA08-4FF0-8D9E-548438F73107}.Release|Any CPU.ActiveCfg = Release|Any CPU
		{2183CCBB-CA08-4FF0-8D9E-548438F73107}.Release|Any CPU.Build.0 = Release|Any CPU
		{2183CCBB-CA08-4FF0-8D9E-548438F73107}.Release|Mixed Platforms.ActiveCfg = Release|Any CPU
		{2183CCBB-CA08-4FF0-8D9E-548438F73107}.Release|Mixed Platforms.Build.0 = Release|Any CPU
		{2183CCBB-CA08-4FF0-8D9E-548438F73107}.Release|x86.ActiveCfg = Release|Any CPU
		{DD21C581-6397-4560-938D-94827CA9158A}.Debug|Any CPU.ActiveCfg = Debug|Any CPU
		{DD21C581-6397-4560-938D-94827CA9158A}.Debug|Any CPU.Build.0 = Debug|Any CPU
		{DD21C581-6397-4560-938D-94827CA9158A}.Debug|Mixed Platforms.ActiveCfg = Debug|Any CPU
		{DD21C581-6397-4560-938D-94827CA9158A}.Debug|Mixed Platforms.Build.0 = Debug|Any CPU
		{DD21C581-6397-4560-938D-94827CA9158A}.Debug|x86.ActiveCfg = Debug|Any CPU
		{DD21C581-6397-4560-938D-94827CA9158A}.Release|Any CPU.ActiveCfg = Release|Any CPU
		{DD21C581-6397-4560-938D-94827CA9158A}.Release|Any CPU.Build.0 = Release|Any CPU
		{DD21C581-6397-4560-938D-94827CA9158A}.Release|Mixed Platforms.ActiveCfg = Release|Any CPU
		{DD21C581-6397-4560-938D-94827CA9158A}.Release|Mixed Platforms.Build.0 = Release|Any CPU
		{DD21C581-6397-4560-938D-94827CA9158A}.Release|x86.ActiveCfg = Release|Any CPU
		{C36F97B2-C81C-4513-AA9D-A4027F32792A}.Debug|Any CPU.ActiveCfg = Debug|Any CPU
		{C36F97B2-C81C-4513-AA9D-A4027F32792A}.Debug|Any CPU.Build.0 = Debug|Any CPU
		{C36F97B2-C81C-4513-AA9D-A4027F32792A}.Debug|Mixed Platforms.ActiveCfg = Debug|Any CPU
		{C36F97B2-C81C-4513-AA9D-A4027F32792A}.Debug|Mixed Platforms.Build.0 = Debug|Any CPU
		{C36F97B2-C81C-4513-AA9D-A4027F32792A}.Debug|x86.ActiveCfg = Debug|Any CPU
		{C36F97B2-C81C-4513-AA9D-A4027F32792A}.Release|Any CPU.ActiveCfg = Release|Any CPU
		{C36F97B2-C81C-4513-AA9D-A4027F32792A}.Release|Any CPU.Build.0 = Release|Any CPU
		{C36F97B2-C81C-4513-AA9D-A4027F32792A}.Release|Mixed Platforms.ActiveCfg = Release|Any CPU
		{C36F97B2-C81C-4513-AA9D-A4027F32792A}.Release|Mixed Platforms.Build.0 = Release|Any CPU
		{C36F97B2-C81C-4513-AA9D-A4027F32792A}.Release|x86.ActiveCfg = Release|Any CPU
		{359B3942-4AFA-466B-BEE9-518DCF39E27E}.Debug|Any CPU.ActiveCfg = Debug|Any CPU
		{359B3942-4AFA-466B-BEE9-518DCF39E27E}.Debug|Any CPU.Build.0 = Debug|Any CPU
		{359B3942-4AFA-466B-BEE9-518DCF39E27E}.Debug|Mixed Platforms.ActiveCfg = Debug|Any CPU
		{359B3942-4AFA-466B-BEE9-518DCF39E27E}.Debug|Mixed Platforms.Build.0 = Debug|Any CPU
		{359B3942-4AFA-466B-BEE9-518DCF39E27E}.Debug|x86.ActiveCfg = Debug|Any CPU
		{359B3942-4AFA-466B-BEE9-518DCF39E27E}.Release|Any CPU.ActiveCfg = Release|Any CPU
		{359B3942-4AFA-466B-BEE9-518DCF39E27E}.Release|Any CPU.Build.0 = Release|Any CPU
		{359B3942-4AFA-466B-BEE9-518DCF39E27E}.Release|Mixed Platforms.ActiveCfg = Release|Any CPU
		{359B3942-4AFA-466B-BEE9-518DCF39E27E}.Release|Mixed Platforms.Build.0 = Release|Any CPU
		{359B3942-4AFA-466B-BEE9-518DCF39E27E}.Release|x86.ActiveCfg = Release|Any CPU
		{B74EF7AB-DC35-4C60-AFB0-00ADEC0E1853}.Debug|Any CPU.ActiveCfg = Debug|Any CPU
		{B74EF7AB-DC35-4C60-AFB0-00ADEC0E1853}.Debug|Any CPU.Build.0 = Debug|Any CPU
		{B74EF7AB-DC35-4C60-AFB0-00ADEC0E1853}.Debug|Mixed Platforms.ActiveCfg = Debug|Any CPU
		{B74EF7AB-DC35-4C60-AFB0-00ADEC0E1853}.Debug|Mixed Platforms.Build.0 = Debug|Any CPU
		{B74EF7AB-DC35-4C60-AFB0-00ADEC0E1853}.Debug|x86.ActiveCfg = Debug|Any CPU
		{B74EF7AB-DC35-4C60-AFB0-00ADEC0E1853}.Release|Any CPU.ActiveCfg = Release|Any CPU
		{B74EF7AB-DC35-4C60-AFB0-00ADEC0E1853}.Release|Any CPU.Build.0 = Release|Any CPU
		{B74EF7AB-DC35-4C60-AFB0-00ADEC0E1853}.Release|Mixed Platforms.ActiveCfg = Release|Any CPU
		{B74EF7AB-DC35-4C60-AFB0-00ADEC0E1853}.Release|Mixed Platforms.Build.0 = Release|Any CPU
		{B74EF7AB-DC35-4C60-AFB0-00ADEC0E1853}.Release|x86.ActiveCfg = Release|Any CPU
		{C4D9613D-F8DA-48B0-8E11-37BEC9645484}.Debug|Any CPU.ActiveCfg = Debug|Any CPU
		{C4D9613D-F8DA-48B0-8E11-37BEC9645484}.Debug|Any CPU.Build.0 = Debug|Any CPU
		{C4D9613D-F8DA-48B0-8E11-37BEC9645484}.Debug|Mixed Platforms.ActiveCfg = Debug|Any CPU
		{C4D9613D-F8DA-48B0-8E11-37BEC9645484}.Debug|Mixed Platforms.Build.0 = Debug|Any CPU
		{C4D9613D-F8DA-48B0-8E11-37BEC9645484}.Debug|x86.ActiveCfg = Debug|Any CPU
		{C4D9613D-F8DA-48B0-8E11-37BEC9645484}.Release|Any CPU.ActiveCfg = Release|Any CPU
		{C4D9613D-F8DA-48B0-8E11-37BEC9645484}.Release|Any CPU.Build.0 = Release|Any CPU
		{C4D9613D-F8DA-48B0-8E11-37BEC9645484}.Release|Mixed Platforms.ActiveCfg = Release|Any CPU
		{C4D9613D-F8DA-48B0-8E11-37BEC9645484}.Release|Mixed Platforms.Build.0 = Release|Any CPU
		{C4D9613D-F8DA-48B0-8E11-37BEC9645484}.Release|x86.ActiveCfg = Release|Any CPU
		{544D3032-8CD8-4292-AD4D-28FBE6DD6080}.Debug|Any CPU.ActiveCfg = Debug|Any CPU
		{544D3032-8CD8-4292-AD4D-28FBE6DD6080}.Debug|Any CPU.Build.0 = Debug|Any CPU
		{544D3032-8CD8-4292-AD4D-28FBE6DD6080}.Debug|Mixed Platforms.ActiveCfg = Debug|Any CPU
		{544D3032-8CD8-4292-AD4D-28FBE6DD6080}.Debug|Mixed Platforms.Build.0 = Debug|Any CPU
		{544D3032-8CD8-4292-AD4D-28FBE6DD6080}.Debug|x86.ActiveCfg = Debug|Any CPU
		{544D3032-8CD8-4292-AD4D-28FBE6DD6080}.Release|Any CPU.ActiveCfg = Release|Any CPU
		{544D3032-8CD8-4292-AD4D-28FBE6DD6080}.Release|Any CPU.Build.0 = Release|Any CPU
		{544D3032-8CD8-4292-AD4D-28FBE6DD6080}.Release|Mixed Platforms.ActiveCfg = Release|Any CPU
		{544D3032-8CD8-4292-AD4D-28FBE6DD6080}.Release|Mixed Platforms.Build.0 = Release|Any CPU
		{544D3032-8CD8-4292-AD4D-28FBE6DD6080}.Release|x86.ActiveCfg = Release|Any CPU
		{0AE4AFB8-0EB6-4CFF-ABE2-AF20F04851CA}.Debug|Any CPU.ActiveCfg = Debug|x86
		{0AE4AFB8-0EB6-4CFF-ABE2-AF20F04851CA}.Debug|Mixed Platforms.ActiveCfg = Debug|x86
		{0AE4AFB8-0EB6-4CFF-ABE2-AF20F04851CA}.Debug|Mixed Platforms.Build.0 = Debug|x86
		{0AE4AFB8-0EB6-4CFF-ABE2-AF20F04851CA}.Debug|x86.ActiveCfg = Debug|x86
		{0AE4AFB8-0EB6-4CFF-ABE2-AF20F04851CA}.Debug|x86.Build.0 = Debug|x86
		{0AE4AFB8-0EB6-4CFF-ABE2-AF20F04851CA}.Release|Any CPU.ActiveCfg = Release|x86
		{0AE4AFB8-0EB6-4CFF-ABE2-AF20F04851CA}.Release|Mixed Platforms.ActiveCfg = Release|x86
		{0AE4AFB8-0EB6-4CFF-ABE2-AF20F04851CA}.Release|Mixed Platforms.Build.0 = Release|x86
		{0AE4AFB8-0EB6-4CFF-ABE2-AF20F04851CA}.Release|x86.ActiveCfg = Release|x86
		{0AE4AFB8-0EB6-4CFF-ABE2-AF20F04851CA}.Release|x86.Build.0 = Release|x86
		{E82D645A-B1B1-47C4-A2AC-FE997E489432}.Debug|Any CPU.ActiveCfg = Debug|x86
		{E82D645A-B1B1-47C4-A2AC-FE997E489432}.Debug|Mixed Platforms.ActiveCfg = Debug|x86
		{E82D645A-B1B1-47C4-A2AC-FE997E489432}.Debug|Mixed Platforms.Build.0 = Debug|x86
		{E82D645A-B1B1-47C4-A2AC-FE997E489432}.Debug|x86.ActiveCfg = Debug|x86
		{E82D645A-B1B1-47C4-A2AC-FE997E489432}.Debug|x86.Build.0 = Debug|x86
		{E82D645A-B1B1-47C4-A2AC-FE997E489432}.Release|Any CPU.ActiveCfg = Release|x86
		{E82D645A-B1B1-47C4-A2AC-FE997E489432}.Release|Mixed Platforms.ActiveCfg = Release|x86
		{E82D645A-B1B1-47C4-A2AC-FE997E489432}.Release|Mixed Platforms.Build.0 = Release|x86
		{E82D645A-B1B1-47C4-A2AC-FE997E489432}.Release|x86.ActiveCfg = Release|x86
		{E82D645A-B1B1-47C4-A2AC-FE997E489432}.Release|x86.Build.0 = Release|x86
		{1BA1D3D2-574B-45AF-9C17-F8E15C900EBB}.Debug|Any CPU.ActiveCfg = Debug|Any CPU
		{1BA1D3D2-574B-45AF-9C17-F8E15C900EBB}.Debug|Any CPU.Build.0 = Debug|Any CPU
		{1BA1D3D2-574B-45AF-9C17-F8E15C900EBB}.Debug|Mixed Platforms.ActiveCfg = Debug|Any CPU
		{1BA1D3D2-574B-45AF-9C17-F8E15C900EBB}.Debug|Mixed Platforms.Build.0 = Debug|Any CPU
		{1BA1D3D2-574B-45AF-9C17-F8E15C900EBB}.Debug|x86.ActiveCfg = Debug|Any CPU
		{1BA1D3D2-574B-45AF-9C17-F8E15C900EBB}.Release|Any CPU.ActiveCfg = Release|Any CPU
		{1BA1D3D2-574B-45AF-9C17-F8E15C900EBB}.Release|Any CPU.Build.0 = Release|Any CPU
		{1BA1D3D2-574B-45AF-9C17-F8E15C900EBB}.Release|Mixed Platforms.ActiveCfg = Release|Any CPU
		{1BA1D3D2-574B-45AF-9C17-F8E15C900EBB}.Release|Mixed Platforms.Build.0 = Release|Any CPU
		{1BA1D3D2-574B-45AF-9C17-F8E15C900EBB}.Release|x86.ActiveCfg = Release|Any CPU
	EndGlobalSection
	GlobalSection(SolutionProperties) = preSolution
		HideSolutionNode = FALSE
	EndGlobalSection
	GlobalSection(NestedProjects) = preSolution
		{CDA65A14-C410-473F-8A44-BF6C2968173D} = {BC529FA7-525B-469B-B313-872C221B3055}
		{F4366A5E-D7ED-4E3E-922D-A2F654F7193E} = {BC529FA7-525B-469B-B313-872C221B3055}
		{EC093D9A-121F-4E44-A796-0A2667503B4F} = {BC529FA7-525B-469B-B313-872C221B3055}
		{8EA00E2E-690F-4F3F-B9B6-BC16DA2937DA} = {BC529FA7-525B-469B-B313-872C221B3055}
		{AB62CA8F-DD1D-4E5E-8CEE-5F3D24D65913} = {BC529FA7-525B-469B-B313-872C221B3055}
		{9BFDE739-AC50-47B7-8F03-9156AF791095} = {87A7CB73-6BD3-40E5-ACFA-8E0B77BD2375}
		{B422AE6C-6C8B-47D1-AD25-09E6238A99F4} = {87A7CB73-6BD3-40E5-ACFA-8E0B77BD2375}
		{5F54CBD3-D726-41A9-B7C2-D60D958961F3} = {87A7CB73-6BD3-40E5-ACFA-8E0B77BD2375}
		{17747AC9-B98D-4CEC-96E5-E1EA895FB9C4} = {87A7CB73-6BD3-40E5-ACFA-8E0B77BD2375}
		{43DA8E8B-A699-4157-9061-9E8728B41793} = {BFB136B2-C093-497E-9AC5-7A3EE3750AD5}
		{2183CCBB-CA08-4FF0-8D9E-548438F73107} = {BFB136B2-C093-497E-9AC5-7A3EE3750AD5}
		{DD21C581-6397-4560-938D-94827CA9158A} = {BFB136B2-C093-497E-9AC5-7A3EE3750AD5}
		{C36F97B2-C81C-4513-AA9D-A4027F32792A} = {BFB136B2-C093-497E-9AC5-7A3EE3750AD5}
		{359B3942-4AFA-466B-BEE9-518DCF39E27E} = {BFB136B2-C093-497E-9AC5-7A3EE3750AD5}
		{B74EF7AB-DC35-4C60-AFB0-00ADEC0E1853} = {BFB136B2-C093-497E-9AC5-7A3EE3750AD5}
		{C4D9613D-F8DA-48B0-8E11-37BEC9645484} = {53AE57FD-BB42-4A0C-9CFC-FC3D8AFBF5E8}
		{544D3032-8CD8-4292-AD4D-28FBE6DD6080} = {E139F5B4-83B6-4FD6-83F9-B3C5CB5AE0E4}
		{0AE4AFB8-0EB6-4CFF-ABE2-AF20F04851CA} = {87A7CB73-6BD3-40E5-ACFA-8E0B77BD2375}
		{E82D645A-B1B1-47C4-A2AC-FE997E489432} = {87A7CB73-6BD3-40E5-ACFA-8E0B77BD2375}
		{1BA1D3D2-574B-45AF-9C17-F8E15C900EBB} = {BFB136B2-C093-497E-9AC5-7A3EE3750AD5}
	EndGlobalSection
EndGlobal
