
Microsoft Visual Studio Solution File, Format Version 11.00
# Visual Studio 2010
Project("{FAE04EC0-301F-11D3-BF4B-00C04F79EFBC}") = "WSH.Services.Simulator", "WSH.Services.Simulator\WSH.Services.Simulator.csproj", "{067D3591-9272-4C93-9D58-AB0A4158CBFA}"
EndProject
Project("{2150E333-8FDC-42A3-9474-1A3956D46DE8}") = "Common", "Common", "{FA984711-7CA2-4DAB-8FA8-FAAD01003372}"
EndProject
Project("{FAE04EC0-301F-11D3-BF4B-00C04F79EFBC}") = "WSH.Web.Mvc.Common", "..\WSH.Common\WSH.Web.Mvc.Common\WSH.Web.Mvc.Common.csproj", "{176D78B5-C35D-471A-8442-37106CBCE454}"
EndProject
Project("{FAE04EC0-301F-11D3-BF4B-00C04F79EFBC}") = "WSH.Common", "..\WSH.Common\WSH.Common\WSH.Common.csproj", "{43DA8E8B-A699-4157-9061-9E8728B41793}"
EndProject
Project("{FAE04EC0-301F-11D3-BF4B-00C04F79EFBC}") = "WSH.Web.Common", "..\WSH.Common\WSH.Web.Common\WSH.Web.Common.csproj", "{5AFB4292-84D1-4863-88CA-0B9DF143CE39}"
EndProject
Project("{FAE04EC0-301F-11D3-BF4B-00C04F79EFBC}") = "WSH.Options.Common", "..\WSH.Common\WSH.Options.Common\WSH.Options.Common.csproj", "{2183CCBB-CA08-4FF0-8D9E-548438F73107}"
EndProject
Global
	GlobalSection(SolutionConfigurationPlatforms) = preSolution
		Debug|Any CPU = Debug|Any CPU
		Release|Any CPU = Release|Any CPU
	EndGlobalSection
	GlobalSection(ProjectConfigurationPlatforms) = postSolution
		{067D3591-9272-4C93-9D58-AB0A4158CBFA}.Debug|Any CPU.ActiveCfg = Debug|Any CPU
		{067D3591-9272-4C93-9D58-AB0A4158CBFA}.Debug|Any CPU.Build.0 = Debug|Any CPU
		{067D3591-9272-4C93-9D58-AB0A4158CBFA}.Release|Any CPU.ActiveCfg = Release|Any CPU
		{067D3591-9272-4C93-9D58-AB0A4158CBFA}.Release|Any CPU.Build.0 = Release|Any CPU
		{176D78B5-C35D-471A-8442-37106CBCE454}.Debug|Any CPU.ActiveCfg = Debug|Any CPU
		{176D78B5-C35D-471A-8442-37106CBCE454}.Debug|Any CPU.Build.0 = Debug|Any CPU
		{176D78B5-C35D-471A-8442-37106CBCE454}.Release|Any CPU.ActiveCfg = Release|Any CPU
		{176D78B5-C35D-471A-8442-37106CBCE454}.Release|Any CPU.Build.0 = Release|Any CPU
		{43DA8E8B-A699-4157-9061-9E8728B41793}.Debug|Any CPU.ActiveCfg = Debug|Any CPU
		{43DA8E8B-A699-4157-9061-9E8728B41793}.Debug|Any CPU.Build.0 = Debug|Any CPU
		{43DA8E8B-A699-4157-9061-9E8728B41793}.Release|Any CPU.ActiveCfg = Release|Any CPU
		{43DA8E8B-A699-4157-9061-9E8728B41793}.Release|Any CPU.Build.0 = Release|Any CPU
		{5AFB4292-84D1-4863-88CA-0B9DF143CE39}.Debug|Any CPU.ActiveCfg = Debug|Any CPU
		{5AFB4292-84D1-4863-88CA-0B9DF143CE39}.Debug|Any CPU.Build.0 = Debug|Any CPU
		{5AFB4292-84D1-4863-88CA-0B9DF143CE39}.Release|Any CPU.ActiveCfg = Release|Any CPU
		{5AFB4292-84D1-4863-88CA-0B9DF143CE39}.Release|Any CPU.Build.0 = Release|Any CPU
		{2183CCBB-CA08-4FF0-8D9E-548438F73107}.Debug|Any CPU.ActiveCfg = Debug|Any CPU
		{2183CCBB-CA08-4FF0-8D9E-548438F73107}.Debug|Any CPU.Build.0 = Debug|Any CPU
		{2183CCBB-CA08-4FF0-8D9E-548438F73107}.Release|Any CPU.ActiveCfg = Release|Any CPU
		{2183CCBB-CA08-4FF0-8D9E-548438F73107}.Release|Any CPU.Build.0 = Release|Any CPU
	EndGlobalSection
	GlobalSection(SolutionProperties) = preSolution
		HideSolutionNode = FALSE
	EndGlobalSection
	GlobalSection(NestedProjects) = preSolution
		{176D78B5-C35D-471A-8442-37106CBCE454} = {FA984711-7CA2-4DAB-8FA8-FAAD01003372}
		{43DA8E8B-A699-4157-9061-9E8728B41793} = {FA984711-7CA2-4DAB-8FA8-FAAD01003372}
		{5AFB4292-84D1-4863-88CA-0B9DF143CE39} = {FA984711-7CA2-4DAB-8FA8-FAAD01003372}
		{2183CCBB-CA08-4FF0-8D9E-548438F73107} = {FA984711-7CA2-4DAB-8FA8-FAAD01003372}
	EndGlobalSection
EndGlobal
